
Microsoft Visual Studio Solution File, Format Version 12.00
# Visual Studio Version 16
VisualStudioVersion = 16.0.31702.278
MinimumVisualStudioVersion = 10.0.40219.1
Project("{FAE04EC0-301F-11D3-BF4B-00C04F79EFBC}") = "SeqForSeriLog", "SeriLogAndSeq\SeqForSeriLog.csproj", "{3B47FE27-A3D3-4C2B-8F05-91AAFE0F6ACF}"
EndProject
Project("{FAE04EC0-301F-11D3-BF4B-00C04F79EFBC}") = "CSVFile", "CSV\CSVFile.csproj", "{05926A21-8F45-4F93-B46D-4C6680F07674}"
EndProject
Project("{FAE04EC0-301F-11D3-BF4B-00C04F79EFBC}") = "VCBox", "VCBox\VCBox.csproj", "{2AFFCE81-8789-4FF8-B849-4499D76246EF}"
EndProject
Global
	GlobalSection(SolutionConfigurationPlatforms) = preSolution
		Debug|Any CPU = Debug|Any CPU
		Release|Any CPU = Release|Any CPU
	EndGlobalSection
	GlobalSection(ProjectConfigurationPlatforms) = postSolution
		{3B47FE27-A3D3-4C2B-8F05-91AAFE0F6ACF}.Debug|Any CPU.ActiveCfg = Debug|Any CPU
		{3B47FE27-A3D3-4C2B-8F05-91AAFE0F6ACF}.Debug|Any CPU.Build.0 = Debug|Any CPU
		{3B47FE27-A3D3-4C2B-8F05-91AAFE0F6ACF}.Release|Any CPU.ActiveCfg = Release|Any CPU
		{3B47FE27-A3D3-4C2B-8F05-91AAFE0F6ACF}.Release|Any CPU.Build.0 = Release|Any CPU
		{05926A21-8F45-4F93-B46D-4C6680F07674}.Debug|Any CPU.ActiveCfg = Debug|Any CPU
		{05926A21-8F45-4F93-B46D-4C6680F07674}.Debug|Any CPU.Build.0 = Debug|Any CPU
		{05926A21-8F45-4F93-B46D-4C6680F07674}.Release|Any CPU.ActiveCfg = Release|Any CPU
		{05926A21-8F45-4F93-B46D-4C6680F07674}.Release|Any CPU.Build.0 = Release|Any CPU
		{2AFFCE81-8789-4FF8-B849-4499D76246EF}.Debug|Any CPU.ActiveCfg = Debug|Any CPU
		{2AFFCE81-8789-4FF8-B849-4499D76246EF}.Debug|Any CPU.Build.0 = Debug|Any CPU
		{2AFFCE81-8789-4FF8-B849-4499D76246EF}.Release|Any CPU.ActiveCfg = Release|Any CPU
		{2AFFCE81-8789-4FF8-B849-4499D76246EF}.Release|Any CPU.Build.0 = Release|Any CPU
	EndGlobalSection
	GlobalSection(SolutionProperties) = preSolution
		HideSolutionNode = FALSE
	EndGlobalSection
	GlobalSection(ExtensibilityGlobals) = postSolution
		SolutionGuid = {B53FB173-AA6C-42BB-8090-341C42348576}
	EndGlobalSection
EndGlobal
